
Microsoft Visual Studio Solution File, Format Version 12.00
# Visual Studio Version 16
VisualStudioVersion = 16.0.34407.143
MinimumVisualStudioVersion = 10.0.40219.1
Project("{FAE04EC0-301F-11D3-BF4B-00C04F79EFBC}") = "Calculadora2", "Calculadora2.csproj", "{4CC900CA-AB29-403F-A978-981143BB1343}"
EndProject
Global
	GlobalSection(SolutionConfigurationPlatforms) = preSolution
		Debug|Any CPU = Debug|Any CPU
		Release|Any CPU = Release|Any CPU
	EndGlobalSection
	GlobalSection(ProjectConfigurationPlatforms) = postSolution
		{4CC900CA-AB29-403F-A978-981143BB1343}.Debug|Any CPU.ActiveCfg = Debug|Any CPU
		{4CC900CA-AB29-403F-A978-981143BB1343}.Debug|Any CPU.Build.0 = Debug|Any CPU
		{4CC900CA-AB29-403F-A978-981143BB1343}.Release|Any CPU.ActiveCfg = Release|Any CPU
		{4CC900CA-AB29-403F-A978-981143BB1343}.Release|Any CPU.Build.0 = Release|Any CPU
	EndGlobalSection
	GlobalSection(SolutionProperties) = preSolution
		HideSolutionNode = FALSE
	EndGlobalSection
	GlobalSection(ExtensibilityGlobals) = postSolution
		SolutionGuid = {75DDF6F5-65E5-4E55-BDFD-6E4E7A4D4E6B}
	EndGlobalSection
EndGlobal
